
Microsoft Visual Studio Solution File, Format Version 12.00
# Visual Studio Version 17
VisualStudioVersion = 17.3.32922.545
MinimumVisualStudioVersion = 10.0.40219.1
Project("{FAE04EC0-301F-11D3-BF4B-00C04F79EFBC}") = "AcommonForm", "AcommonForm\AcommonForm.csproj", "{C5429A1A-A5A5-4738-8CD2-012662E6E744}"
EndProject
Global
	GlobalSection(SolutionConfigurationPlatforms) = preSolution
		Debug|Any CPU = Debug|Any CPU
		Release|Any CPU = Release|Any CPU
	EndGlobalSection
	GlobalSection(ProjectConfigurationPlatforms) = postSolution
		{C5429A1A-A5A5-4738-8CD2-012662E6E744}.Debug|Any CPU.ActiveCfg = Debug|Any CPU
		{C5429A1A-A5A5-4738-8CD2-012662E6E744}.Debug|Any CPU.Build.0 = Debug|Any CPU
		{C5429A1A-A5A5-4738-8CD2-012662E6E744}.Release|Any CPU.ActiveCfg = Release|Any CPU
		{C5429A1A-A5A5-4738-8CD2-012662E6E744}.Release|Any CPU.Build.0 = Release|Any CPU
	EndGlobalSection
	GlobalSection(SolutionProperties) = preSolution
		HideSolutionNode = FALSE
	EndGlobalSection
	GlobalSection(ExtensibilityGlobals) = postSolution
		SolutionGuid = {DB11FDB6-3B3F-46C6-A94D-3D74DD62BDCF}
	EndGlobalSection
EndGlobal
